
Microsoft Visual Studio Solution File, Format Version 12.00
# Visual Studio Version 17
VisualStudioVersion = 17.11.35327.3
MinimumVisualStudioVersion = 10.0.40219.1
Project("{FAE04EC0-301F-11D3-BF4B-00C04F79EFBC}") = "DoorsAndDungeons", "DoorsAndDungeons\DoorsAndDungeons.csproj", "{EA445136-FD3E-481D-9021-6DD4F93DA4B8}"
EndProject
Global
	GlobalSection(SolutionConfigurationPlatforms) = preSolution
		Debug|Any CPU = Debug|Any CPU
		Release|Any CPU = Release|Any CPU
	EndGlobalSection
	GlobalSection(ProjectConfigurationPlatforms) = postSolution
		{EA445136-FD3E-481D-9021-6DD4F93DA4B8}.Debug|Any CPU.ActiveCfg = Debug|Any CPU
		{EA445136-FD3E-481D-9021-6DD4F93DA4B8}.Debug|Any CPU.Build.0 = Debug|Any CPU
		{EA445136-FD3E-481D-9021-6DD4F93DA4B8}.Release|Any CPU.ActiveCfg = Release|Any CPU
		{EA445136-FD3E-481D-9021-6DD4F93DA4B8}.Release|Any CPU.Build.0 = Release|Any CPU
	EndGlobalSection
	GlobalSection(SolutionProperties) = preSolution
		HideSolutionNode = FALSE
	EndGlobalSection
	GlobalSection(ExtensibilityGlobals) = postSolution
		SolutionGuid = {255E9E7C-7429-44FB-ADB3-05E03754DED2}
	EndGlobalSection
EndGlobal
